
Microsoft Visual Studio Solution File, Format Version 12.00
# Visual Studio 14
VisualStudioVersion = 14.0.25420.1
MinimumVisualStudioVersion = 10.0.40219.1
Project("{FAE04EC0-301F-11D3-BF4B-00C04F79EFBC}") = "ProjektTIP", "ProjektTIP\ProjektTIP.csproj", "{448AA114-5D35-457F-B334-7BFEA00ED47C}"
EndProject
Project("{FAE04EC0-301F-11D3-BF4B-00C04F79EFBC}") = "Server - konsola", "Server - konsola\Server - konsola.csproj", "{214F09E4-9355-420D-86EF-23A332967643}"
EndProject
Project("{FAE04EC0-301F-11D3-BF4B-00C04F79EFBC}") = "SharedClasses", "SharedClasses\SharedClasses.csproj", "{33FFBD11-9828-464B-98C6-1BBE0E375397}"
EndProject
Global
	GlobalSection(SolutionConfigurationPlatforms) = preSolution
		Debug|Any CPU = Debug|Any CPU
		Release|Any CPU = Release|Any CPU
	EndGlobalSection
	GlobalSection(ProjectConfigurationPlatforms) = postSolution
		{448AA114-5D35-457F-B334-7BFEA00ED47C}.Debug|Any CPU.ActiveCfg = Debug|Any CPU
		{448AA114-5D35-457F-B334-7BFEA00ED47C}.Debug|Any CPU.Build.0 = Debug|Any CPU
		{448AA114-5D35-457F-B334-7BFEA00ED47C}.Release|Any CPU.ActiveCfg = Release|Any CPU
		{448AA114-5D35-457F-B334-7BFEA00ED47C}.Release|Any CPU.Build.0 = Release|Any CPU
		{214F09E4-9355-420D-86EF-23A332967643}.Debug|Any CPU.ActiveCfg = Debug|Any CPU
		{214F09E4-9355-420D-86EF-23A332967643}.Debug|Any CPU.Build.0 = Debug|Any CPU
		{214F09E4-9355-420D-86EF-23A332967643}.Release|Any CPU.ActiveCfg = Release|Any CPU
		{214F09E4-9355-420D-86EF-23A332967643}.Release|Any CPU.Build.0 = Release|Any CPU
		{33FFBD11-9828-464B-98C6-1BBE0E375397}.Debug|Any CPU.ActiveCfg = Debug|Any CPU
		{33FFBD11-9828-464B-98C6-1BBE0E375397}.Debug|Any CPU.Build.0 = Debug|Any CPU
		{33FFBD11-9828-464B-98C6-1BBE0E375397}.Release|Any CPU.ActiveCfg = Release|Any CPU
		{33FFBD11-9828-464B-98C6-1BBE0E375397}.Release|Any CPU.Build.0 = Release|Any CPU
	EndGlobalSection
	GlobalSection(SolutionProperties) = preSolution
		HideSolutionNode = FALSE
	EndGlobalSection
EndGlobal
